lockfileVersion: '9.0'

settings:
  autoInstallPeers: true
  excludeLinksFromLockfile: false

overrides:
  postcss: ^8.5.8
  eslint-visitor-keys: ^5.0.1
  minimatch: ^10.2.4
  ajv: ^6.14.0
  espree: ^11.2.0
  scheduler: ^0.27.0
  '@swc/helpers': ^0.5.19
  '@next/env': ^16.2.6
  json-schema-traverse: ^1.0.0
  brace-expansion: ^5.0.5
  balanced-match: ^4.0.4
  base64-js: ^1.5.1
  pako: ^1.0.11
  glob-parent: ^5.1.2
  fsevents: ^2.3.3
  onnxruntime-common: ^1.21.0
  path-to-regexp: ^8.3.0

importers:

  .:
    dependencies:
      '@huggingface/transformers':
        specifier: ^3.8.1
        version: 3.8.1
      '@radix-ui/react-slot':
        specifier: ^1.2.4
        version: 1.2.4(@types/react@19.2.14)(react@19.2.4)
      '@react-pdf/renderer':
        specifier: ^4.3.2
        version: 4.3.2(react@19.2.4)
      '@vercel/speed-insights':
        specifier: ^2.0.0
        version: 2.0.0(next@16.2.6(@playwright/test@1.58.2)(react-dom@19.2.4(react@19.2.4))(react@19.2.4))(react@19.2.4)
      '@vercel/toolbar':
        specifier: ^0.2.2
        version: 0.2.2(@vercel/speed-insights@2.0.0(next@16.2.6(@playwright/test@1.58.2)(react-dom@19.2.4(react@19.2.4))(react@19.2.4))(react@19.2.4))(next@16.2.6(@playwright/test@1.58.2)(react-dom@19.2.4(react@19.2.4))(react@19.2.4))
      class-variance-authority:
        specifier: ^0.7.1
        version: 0.7.1
      clsx:
        specifier: ^2.1.1
        version: 2.1.1
      flags:
        specifier: ^4.0.5
        version: 4.0.5(next@16.2.6(@playwright/test@1.58.2)(react-dom@19.2.4(react@19.2.4))(react@19.2.4))(react-dom@19.2.4(react@19.2.4))(react@19.2.4)
      lucide-react:
        specifier: ^1.7.0
        version: 1.7.0(react@19.2.4)
      motion:
        specifier: ^12.38.0
        version: 12.38.0(react-dom@19.2.4(react@19.2.4))(react@19.2.4)
      next:
        specifier: 16.2.6
        version: 16.2.6(@playwright/test@1.58.2)(react-dom@19.2.4(react@19.2.4))(react@19.2.4)
      react:
        specifier: ^19.2.4
        version: 19.2.4
      react-dom:
        specifier: ^19.2.4
        version: 19.2.4(react@19.2.4)
      react-pdf:
        specifier: ^10.4.1
        version: 10.4.1(@types/react@19.2.14)(react-dom@19.2.4(react@19.2.4))(react@19.2.4)
      tailwind-merge:
        specifier: ^3.5.0
        version: 3.5.0
    devDependencies:
      '@eslint/eslintrc':
        specifier: ^3.3.5
        version: 3.3.5
      '@playwright/test':
        specifier: ^1.58.2
        version: 1.58.2
      '@tailwindcss/postcss':
        specifier: ^4.2.2
        version: 4.2.2
      '@types/node':
        specifier: ^25.5.0
        version: 25.5.0
      '@types/react':
        specifier: ^19.2.14
        version: 19.2.14
      '@types/react-dom':
        specifier: ^19.2.3
        version: 19.2.3(@types/react@19.2.14)
      autoprefixer:
        specifier: ^10.4.27
        version: 10.4.27(postcss@8.5.8)
      eslint:
        specifier: ^10.1.0
        version: 10.1.0(jiti@2.6.1)
      postcss:
        specifier: ^8.5.8
        version: 8.5.8
      tailwindcss:
        specifier: ^4.2.2
        version: 4.2.2
      typescript:
        specifier: ^6.0.2
        version: 6.0.2

packages: {}